
Microsoft Visual Studio Solution File, Format Version 12.00
# Visual Studio Version 16
VisualStudioVersion = 16.0.29209.62
MinimumVisualStudioVersion = 10.0.40219.1
Project("{FAE04EC0-301F-11D3-BF4B-00C04F79EFBC}") = "TimeLogger.App", "ManualTimeLogger.App\TimeLogger.App.csproj", "{74CB989C-BDCB-4AC6-9CDB-B7D4A0B2D9C7}"
EndProject
Project("{FAE04EC0-301F-11D3-BF4B-00C04F79EFBC}") = "TimeLogger.Domain", "ManualTimeLogger.Domain\TimeLogger.Domain.csproj", "{48368CA5-8710-4BA4-B15A-8D6FA873277D}"
EndProject
Project("{FAE04EC0-301F-11D3-BF4B-00C04F79EFBC}") = "TimeLogger.Persistence", "ManualTimeLogger.Persistence\TimeLogger.Persistence.csproj", "{38D4CCE5-5F79-4D81-AA25-34AD5B46E98D}"
EndProject
Project("{FAE04EC0-301F-11D3-BF4B-00C04F79EFBC}") = "TimeLogger.Domain.Tests", "ManualTimeLogger.Domain.Tests\TimeLogger.Domain.Tests.csproj", "{C284E798-C436-4CD7-BCB8-327B5BA7C520}"
EndProject
Project("{FAE04EC0-301F-11D3-BF4B-00C04F79EFBC}") = "TimeLogger.Persistence.Tests", "ManualTimeLogger.Persistence.Tests\TimeLogger.Persistence.Tests.csproj", "{021955E0-EE5F-43C5-9763-FBDAAEADC356}"
EndProject
Project("{FAE04EC0-301F-11D3-BF4B-00C04F79EFBC}") = "TimeLogger.ReportBuilder", "ManualTimeLogger.ReportBuilder\TimeLogger.ReportBuilder.csproj", "{EE749E8C-F694-4EC1-959F-2D470A57BB3E}"
EndProject
Project("{FAE04EC0-301F-11D3-BF4B-00C04F79EFBC}") = "TimeLogger.ReportBuilder.Tests", "ManualTimeLogger.ReportBuilder.Tests\TimeLogger.ReportBuilder.Tests.csproj", "{EB917B39-768D-435F-96A2-E0844716B4A7}"
EndProject
Project("{FAE04EC0-301F-11D3-BF4B-00C04F79EFBC}") = "TimeLogger.ReportBuilder.Persistence", "ManualTimeLogger.ReportBuilder.Persistence\TimeLogger.ReportBuilder.Persistence.csproj", "{28D87EBD-1D8D-434A-B1C3-DA5633B0F0F1}"
EndProject
Project("{FAE04EC0-301F-11D3-BF4B-00C04F79EFBC}") = "TimeLogger.ReportBuilder.Persistence.Tests", "ManualTimeLogger.ReportBuilder.Persistence.Tests\TimeLogger.ReportBuilder.Persistence.Tests.csproj", "{AD357943-14A3-4BEA-B2FB-E6DD0B3F809C}"
EndProject
Project("{FAE04EC0-301F-11D3-BF4B-00C04F79EFBC}") = "TimeLogger.ReportBuilder.IntegrationTests", "ManualTimeLogger.ReportBuilder.IntegrationTests\TimeLogger.ReportBuilder.IntegrationTests.csproj", "{3153A126-C9B4-4316-996A-06970705823A}"
EndProject
Global
	GlobalSection(SolutionConfigurationPlatforms) = preSolution
		Debug|Any CPU = Debug|Any CPU
		Release|Any CPU = Release|Any CPU
	EndGlobalSection
	GlobalSection(ProjectConfigurationPlatforms) = postSolution
		{74CB989C-BDCB-4AC6-9CDB-B7D4A0B2D9C7}.Debug|Any CPU.ActiveCfg = Debug|Any CPU
		{74CB989C-BDCB-4AC6-9CDB-B7D4A0B2D9C7}.Debug|Any CPU.Build.0 = Debug|Any CPU
		{74CB989C-BDCB-4AC6-9CDB-B7D4A0B2D9C7}.Release|Any CPU.ActiveCfg = Release|Any CPU
		{74CB989C-BDCB-4AC6-9CDB-B7D4A0B2D9C7}.Release|Any CPU.Build.0 = Release|Any CPU
		{48368CA5-8710-4BA4-B15A-8D6FA873277D}.Debug|Any CPU.ActiveCfg = Debug|Any CPU
		{48368CA5-8710-4BA4-B15A-8D6FA873277D}.Debug|Any CPU.Build.0 = Debug|Any CPU
		{48368CA5-8710-4BA4-B15A-8D6FA873277D}.Release|Any CPU.ActiveCfg = Release|Any CPU
		{48368CA5-8710-4BA4-B15A-8D6FA873277D}.Release|Any CPU.Build.0 = Release|Any CPU
		{38D4CCE5-5F79-4D81-AA25-34AD5B46E98D}.Debug|Any CPU.ActiveCfg = Debug|Any CPU
		{38D4CCE5-5F79-4D81-AA25-34AD5B46E98D}.Debug|Any CPU.Build.0 = Debug|Any CPU
		{38D4CCE5-5F79-4D81-AA25-34AD5B46E98D}.Release|Any CPU.ActiveCfg = Release|Any CPU
		{38D4CCE5-5F79-4D81-AA25-34AD5B46E98D}.Release|Any CPU.Build.0 = Release|Any CPU
		{C284E798-C436-4CD7-BCB8-327B5BA7C520}.Debug|Any CPU.ActiveCfg = Debug|Any CPU
		{C284E798-C436-4CD7-BCB8-327B5BA7C520}.Debug|Any CPU.Build.0 = Debug|Any CPU
		{C284E798-C436-4CD7-BCB8-327B5BA7C520}.Release|Any CPU.ActiveCfg = Release|Any CPU
		{C284E798-C436-4CD7-BCB8-327B5BA7C520}.Release|Any CPU.Build.0 = Release|Any CPU
		{021955E0-EE5F-43C5-9763-FBDAAEADC356}.Debug|Any CPU.ActiveCfg = Debug|Any CPU
		{021955E0-EE5F-43C5-9763-FBDAAEADC356}.Debug|Any CPU.Build.0 = Debug|Any CPU
		{021955E0-EE5F-43C5-9763-FBDAAEADC356}.Release|Any CPU.ActiveCfg = Release|Any CPU
		{021955E0-EE5F-43C5-9763-FBDAAEADC356}.Release|Any CPU.Build.0 = Release|Any CPU
		{EE749E8C-F694-4EC1-959F-2D470A57BB3E}.Debug|Any CPU.ActiveCfg = Debug|Any CPU
		{EE749E8C-F694-4EC1-959F-2D470A57BB3E}.Debug|Any CPU.Build.0 = Debug|Any CPU
		{EE749E8C-F694-4EC1-959F-2D470A57BB3E}.Release|Any CPU.ActiveCfg = Release|Any CPU
		{EE749E8C-F694-4EC1-959F-2D470A57BB3E}.Release|Any CPU.Build.0 = Release|Any CPU
		{EB917B39-768D-435F-96A2-E0844716B4A7}.Debug|Any CPU.ActiveCfg = Debug|Any CPU
		{EB917B39-768D-435F-96A2-E0844716B4A7}.Debug|Any CPU.Build.0 = Debug|Any CPU
		{EB917B39-768D-435F-96A2-E0844716B4A7}.Release|Any CPU.ActiveCfg = Release|Any CPU
		{EB917B39-768D-435F-96A2-E0844716B4A7}.Release|Any CPU.Build.0 = Release|Any CPU
		{28D87EBD-1D8D-434A-B1C3-DA5633B0F0F1}.Debug|Any CPU.ActiveCfg = Debug|Any CPU
		{28D87EBD-1D8D-434A-B1C3-DA5633B0F0F1}.Debug|Any CPU.Build.0 = Debug|Any CPU
		{28D87EBD-1D8D-434A-B1C3-DA5633B0F0F1}.Release|Any CPU.ActiveCfg = Release|Any CPU
		{28D87EBD-1D8D-434A-B1C3-DA5633B0F0F1}.Release|Any CPU.Build.0 = Release|Any CPU
		{AD357943-14A3-4BEA-B2FB-E6DD0B3F809C}.Debug|Any CPU.ActiveCfg = Debug|Any CPU
		{AD357943-14A3-4BEA-B2FB-E6DD0B3F809C}.Debug|Any CPU.Build.0 = Debug|Any CPU
		{AD357943-14A3-4BEA-B2FB-E6DD0B3F809C}.Release|Any CPU.ActiveCfg = Release|Any CPU
		{AD357943-14A3-4BEA-B2FB-E6DD0B3F809C}.Release|Any CPU.Build.0 = Release|Any CPU
		{3153A126-C9B4-4316-996A-06970705823A}.Debug|Any CPU.ActiveCfg = Debug|Any CPU
		{3153A126-C9B4-4316-996A-06970705823A}.Debug|Any CPU.Build.0 = Debug|Any CPU
		{3153A126-C9B4-4316-996A-06970705823A}.Release|Any CPU.ActiveCfg = Release|Any CPU
		{3153A126-C9B4-4316-996A-06970705823A}.Release|Any CPU.Build.0 = Release|Any CPU
	EndGlobalSection
	GlobalSection(SolutionProperties) = preSolution
		HideSolutionNode = FALSE
	EndGlobalSection
	GlobalSection(ExtensibilityGlobals) = postSolution
		SolutionGuid = {F916532A-3280-4363-8ACB-6B0E86C67D52}
	EndGlobalSection
EndGlobal
